
Microsoft Visual Studio Solution File, Format Version 10.00
# Visual Studio 2008
Project("{8BC9CEB8-8B4A-11D0-8D11-00A0C91BC942}") = "SuperServer", "SuperServer\SuperServer.vcproj", "{5B617AFD-D219-4AD0-AC48-FBDFE267D53F}"
	ProjectSection(ProjectDependencies) = postProject
		{A663F924-F06B-4632-8D39-2F8BA4772736} = {A663F924-F06B-4632-8D39-2F8BA4772736}
		{EB34C485-949D-491F-99B7-CB0585235063} = {EB34C485-949D-491F-99B7-CB0585235063}
	EndProjectSection
EndProject
Project("{8BC9CEB8-8B4A-11D0-8D11-00A0C91BC942}") = "ServerControl", "ServerControl\ServerControl.vcproj", "{A663F924-F06B-4632-8D39-2F8BA4772736}"
EndProject
Project("{8BC9CEB8-8B4A-11D0-8D11-00A0C91BC942}") = "ServiceModule", "ServiceModule\ServiceModule.vcproj", "{EB34C485-949D-491F-99B7-CB0585235063}"
EndProject
Project("{8BC9CEB8-8B4A-11D0-8D11-00A0C91BC942}") = "BusinessSDK", "BusinessSDK\BusinessSDK.vcproj", "{EC14A644-FD2F-450C-A3B3-FACFF258357B}"
EndProject
Global
	GlobalSection(SolutionConfigurationPlatforms) = preSolution
		Debug|Win32 = Debug|Win32
		Release|Win32 = Release|Win32
	EndGlobalSection
	GlobalSection(ProjectConfigurationPlatforms) = postSolution
		{5B617AFD-D219-4AD0-AC48-FBDFE267D53F}.Debug|Win32.ActiveCfg = Debug|Win32
		{5B617AFD-D219-4AD0-AC48-FBDFE267D53F}.Debug|Win32.Build.0 = Debug|Win32
		{5B617AFD-D219-4AD0-AC48-FBDFE267D53F}.Release|Win32.ActiveCfg = Release|Win32
		{5B617AFD-D219-4AD0-AC48-FBDFE267D53F}.Release|Win32.Build.0 = Release|Win32
		{A663F924-F06B-4632-8D39-2F8BA4772736}.Debug|Win32.ActiveCfg = Debug|Win32
		{A663F924-F06B-4632-8D39-2F8BA4772736}.Debug|Win32.Build.0 = Debug|Win32
		{A663F924-F06B-4632-8D39-2F8BA4772736}.Release|Win32.ActiveCfg = Release|Win32
		{A663F924-F06B-4632-8D39-2F8BA4772736}.Release|Win32.Build.0 = Release|Win32
		{EB34C485-949D-491F-99B7-CB0585235063}.Debug|Win32.ActiveCfg = Debug|Win32
		{EB34C485-949D-491F-99B7-CB0585235063}.Debug|Win32.Build.0 = Debug|Win32
		{EB34C485-949D-491F-99B7-CB0585235063}.Release|Win32.ActiveCfg = Release|Win32
		{EB34C485-949D-491F-99B7-CB0585235063}.Release|Win32.Build.0 = Release|Win32
		{EC14A644-FD2F-450C-A3B3-FACFF258357B}.Debug|Win32.ActiveCfg = Debug|Win32
		{EC14A644-FD2F-450C-A3B3-FACFF258357B}.Debug|Win32.Build.0 = Debug|Win32
		{EC14A644-FD2F-450C-A3B3-FACFF258357B}.Release|Win32.ActiveCfg = Release|Win32
		{EC14A644-FD2F-450C-A3B3-FACFF258357B}.Release|Win32.Build.0 = Release|Win32
	EndGlobalSection
	GlobalSection(SolutionProperties) = preSolution
		HideSolutionNode = FALSE
	EndGlobalSection
EndGlobal
